{
  "version": 4,
  "terraform_version": "1.14.4",
  "serial": 41,
  "lineage": "a64f4501-a9da-4d93-c571-1b2ae4914f27",
  "outputs": {},
  "resources": [
    {
      "mode": "managed",
      "type": "google_artifact_registry_repository",
      "name": "repo",
      "provider": "provider[\"registry.terraform.io/hashicorp/google\"]",
      "instances": [
        {
          "schema_version": 0,
          "attributes": {
            "cleanup_policies": [],
            "cleanup_policy_dry_run": false,
            "create_time": "2026-02-13T01:59:33.860461Z",
            "description": "Docker repository for Dev Signal Agent",
            "docker_config": [],
            "effective_labels": {
              "goog-terraform-provisioned": "true"
            },
            "format": "DOCKER",
            "id": "projects/shir-training/locations/us-central1/repositories/dev-signal-v2-repo",
            "kms_key_name": "",
            "labels": {},
            "location": "us-central1",
            "maven_config": [],
            "mode": "STANDARD_REPOSITORY",
            "name": "dev-signal-v2-repo",
            "project": "shir-training",
            "registry_uri": "us-central1-docker.pkg.dev/shir-training/dev-signal-v2-repo",
            "remote_repository_config": [],
            "repository_id": "dev-signal-v2-repo",
            "terraform_labels": {
              "goog-terraform-provisioned": "true"
            },
            "timeouts": null,
            "update_time": "2026-02-13T18:06:37.699081Z",
            "virtual_repository_config": [],
            "vulnerability_scanning_config": [
              {
                "enablement_config": "",
                "enablement_state": "SCANNING_DISABLED",
                "enablement_state_reason": "API containerscanning.googleapis.com is not enabled."
              }
            ]
          },
          "sensitive_attributes": [],
          "identity_schema_version": 0,
          "private": "eyJlMmJmYjczMC1lY2FhLTExZTYtOGY4OC0zNDM2M2JjN2M0YzAiOnsiY3JlYXRlIjoxMjAwMDAwMDAwMDAwLCJkZWxldGUiOjEyMDAwMDAwMDAwMDAsInVwZGF0ZSI6MTIwMDAwMDAwMDAwMH19",
          "dependencies": [
            "google_project_service.services"
          ]
        }
      ]
    },
    {
      "mode": "managed",
      "type": "google_cloud_run_v2_service",
      "name": "default",
      "provider": "provider[\"registry.terraform.io/hashicorp/google\"]",
      "instances": [
        {
          "schema_version": 0,
          "attributes": {
            "annotations": {},
            "binary_authorization": [],
            "build_config": [],
            "client": "",
            "client_version": "",
            "conditions": [
              {
                "execution_reason": "",
                "last_transition_time": "2026-02-13T18:27:46.520268Z",
                "message": "",
                "reason": "",
                "revision_reason": "",
                "severity": "",
                "state": "CONDITION_SUCCEEDED",
                "type": "RoutesReady"
              },
              {
                "execution_reason": "",
                "last_transition_time": "2026-02-13T18:27:41.400793Z",
                "message": "",
                "reason": "",
                "revision_reason": "",
                "severity": "",
                "state": "CONDITION_SUCCEEDED",
                "type": "ConfigurationsReady"
              }
            ],
            "create_time": "2026-02-13T02:00:48.121590Z",
            "creator": "shirmeirlador@cloudadvocacyorg.joonix.net",
            "custom_audiences": [],
            "default_uri_disabled": false,
            "delete_time": "",
            "deletion_protection": true,
            "description": "",
            "effective_annotations": {},
            "effective_labels": {
              "goog-terraform-provisioned": "true"
            },
            "etag": "\"CJzavcwGEIDtt6EC/cHJvamVjdHMvc2hpci10cmFpbmluZy9sb2NhdGlvbnMvdXMtY2VudHJhbDEvc2VydmljZXMvZGV2LXNpZ25hbC12Mg\"",
            "expire_time": "",
            "generation": "5",
            "id": "projects/shir-training/locations/us-central1/services/dev-signal-v2",
            "ingress": "INGRESS_TRAFFIC_ALL",
            "invoker_iam_disabled": false,
            "labels": {},
            "last_modifier": "shirmeirlador@cloudadvocacyorg.joonix.net",
            "latest_created_revision": "projects/shir-training/locations/us-central1/services/dev-signal-v2/revisions/dev-signal-v2-00005-hbs",
            "latest_ready_revision": "projects/shir-training/locations/us-central1/services/dev-signal-v2/revisions/dev-signal-v2-00005-hbs",
            "launch_stage": "GA",
            "location": "us-central1",
            "multi_region_settings": [],
            "name": "dev-signal-v2",
            "observed_generation": "5",
            "project": "shir-training",
            "reconciling": false,
            "scaling": [
              {
                "manual_instance_count": 0,
                "max_instance_count": 100,
                "min_instance_count": 0,
                "scaling_mode": ""
              }
            ],
            "template": [
              {
                "annotations": {},
                "containers": [
                  {
                    "args": [],
                    "base_image_uri": "",
                    "build_info": [],
                    "command": [],
                    "depends_on": [],
                    "env": [
                      {
                        "name": "AI_ASSETS_BUCKET",
                        "value": "shir-dev-signal-agent",
                        "value_source": []
                      },
                      {
                        "name": "DK_API_KEY",
                        "value": "",
                        "value_source": [
                          {
                            "secret_key_ref": [
                              {
                                "secret": "dev-signal-v2-DK_API_KEY",
                                "version": "latest"
                              }
                            ]
                          }
                        ]
                      },
                      {
                        "name": "GOOGLE_CLOUD_LOCATION",
                        "value": "global",
                        "value_source": []
                      },
                      {
                        "name": "GOOGLE_CLOUD_PROJECT",
                        "value": "shir-training",
                        "value_source": []
                      },
                      {
                        "name": "GOOGLE_GENAI_USE_VERTEXAI",
                        "value": "True",
                        "value_source": []
                      },
                      {
                        "name": "REDDIT_CLIENT_ID",
                        "value": "",
                        "value_source": [
                          {
                            "secret_key_ref": [
                              {
                                "secret": "dev-signal-v2-REDDIT_CLIENT_ID",
                                "version": "latest"
                              }
                            ]
                          }
                        ]
                      },
                      {
                        "name": "REDDIT_CLIENT_SECRET",
                        "value": "",
                        "value_source": [
                          {
                            "secret_key_ref": [
                              {
                                "secret": "dev-signal-v2-REDDIT_CLIENT_SECRET",
                                "version": "latest"
                              }
                            ]
                          }
                        ]
                      },
                      {
                        "name": "REDDIT_USER_AGENT",
                        "value": "",
                        "value_source": [
                          {
                            "secret_key_ref": [
                              {
                                "secret": "dev-signal-v2-REDDIT_USER_AGENT",
                                "version": "latest"
                              }
                            ]
                          }
                        ]
                      }
                    ],
                    "image": "us-docker.pkg.dev/cloudrun/container/hello",
                    "liveness_probe": [],
                    "name": "",
                    "ports": [
                      {
                        "container_port": 8080,
                        "name": "http1"
                      }
                    ],
                    "readiness_probe": [],
                    "resources": [
                      {
                        "cpu_idle": false,
                        "limits": {
                          "cpu": "1",
                          "memory": "2Gi"
                        },
                        "startup_cpu_boost": false
                      }
                    ],
                    "startup_probe": [
                      {
                        "failure_threshold": 1,
                        "grpc": [],
                        "http_get": [],
                        "initial_delay_seconds": 0,
                        "period_seconds": 240,
                        "tcp_socket": [
                          {
                            "port": 8080
                          }
                        ],
                        "timeout_seconds": 240
                      }
                    ],
                    "volume_mounts": [],
                    "working_dir": ""
                  }
                ],
                "encryption_key": "",
                "execution_environment": "",
                "gpu_zonal_redundancy_disabled": false,
                "health_check_disabled": false,
                "labels": {},
                "max_instance_request_concurrency": 80,
                "node_selector": [],
                "revision": "",
                "scaling": [
                  {
                    "max_instance_count": 100,
                    "min_instance_count": 0
                  }
                ],
                "service_account": "dev-signal-v2-sa@shir-training.iam.gserviceaccount.com",
                "session_affinity": false,
                "timeout": "300s",
                "volumes": [],
                "vpc_access": []
              }
            ],
            "terminal_condition": [
              {
                "execution_reason": "",
                "last_transition_time": "2026-02-13T18:27:46.601683Z",
                "message": "",
                "reason": "",
                "revision_reason": "",
                "severity": "",
                "state": "CONDITION_SUCCEEDED",
                "type": "Ready"
              }
            ],
            "terraform_labels": {
              "goog-terraform-provisioned": "true"
            },
            "timeouts": null,
            "traffic": [
              {
                "percent": 100,
                "revision": "",
                "tag": "",
                "type": "TRAFFIC_TARGET_ALLOCATION_TYPE_LATEST"
              }
            ],
            "traffic_statuses": [
              {
                "percent": 100,
                "revision": "",
                "tag": "",
                "type": "TRAFFIC_TARGET_ALLOCATION_TYPE_LATEST",
                "uri": ""
              }
            ],
            "uid": "cdecd61e-f2b9-459d-9cfa-cb1816b45c83",
            "update_time": "2026-02-13T18:27:40.606992Z",
            "uri": "https://dev-signal-v2-uuqnq7ewja-uc.a.run.app",
            "urls": [
              "https://dev-signal-v2-400520706792.us-central1.run.app",
              "https://dev-signal-v2-uuqnq7ewja-uc.a.run.app"
            ]
          },
          "sensitive_attributes": [],
          "identity_schema_version": 0,
          "private": "eyJlMmJmYjczMC1lY2FhLTExZTYtOGY4OC0zNDM2M2JjN2M0YzAiOnsiY3JlYXRlIjoxMjAwMDAwMDAwMDAwLCJkZWxldGUiOjEyMDAwMDAwMDAwMDAsInVwZGF0ZSI6MTIwMDAwMDAwMDAwMH19",
          "dependencies": [
            "google_project_service.services",
            "google_secret_manager_secret.agent_secrets",
            "google_service_account.agent_sa"
          ]
        }
      ]
    },
    {
      "mode": "managed",
      "type": "google_project_iam_member",
      "name": "log_writer",
      "provider": "provider[\"registry.terraform.io/hashicorp/google\"]",
      "instances": [
        {
          "schema_version": 0,
          "attributes": {
            "condition": [],
            "etag": "BwZKuMSuJIM=",
            "id": "shir-training/roles/logging.logWriter/serviceAccount:dev-signal-v2-sa@shir-training.iam.gserviceaccount.com",
            "member": "serviceAccount:dev-signal-v2-sa@shir-training.iam.gserviceaccount.com",
            "project": "shir-training",
            "role": "roles/logging.logWriter"
          },
          "sensitive_attributes": [],
          "identity_schema_version": 0,
          "private": "bnVsbA==",
          "dependencies": [
            "google_service_account.agent_sa"
          ]
        }
      ]
    },
    {
      "mode": "managed",
      "type": "google_project_iam_member",
      "name": "storage_user",
      "provider": "provider[\"registry.terraform.io/hashicorp/google\"]",
      "instances": [
        {
          "schema_version": 0,
          "attributes": {
            "condition": [],
            "etag": "BwZKuMSuJIM=",
            "id": "shir-training/roles/storage.objectUser/serviceAccount:dev-signal-v2-sa@shir-training.iam.gserviceaccount.com",
            "member": "serviceAccount:dev-signal-v2-sa@shir-training.iam.gserviceaccount.com",
            "project": "shir-training",
            "role": "roles/storage.objectUser"
          },
          "sensitive_attributes": [],
          "identity_schema_version": 0,
          "private": "bnVsbA==",
          "dependencies": [
            "google_service_account.agent_sa"
          ]
        }
      ]
    },
    {
      "mode": "managed",
      "type": "google_project_iam_member",
      "name": "vertex_ai_user",
      "provider": "provider[\"registry.terraform.io/hashicorp/google\"]",
      "instances": [
        {
          "schema_version": 0,
          "attributes": {
            "condition": [],
            "etag": "BwZKuMSuJIM=",
            "id": "shir-training/roles/aiplatform.user/serviceAccount:dev-signal-v2-sa@shir-training.iam.gserviceaccount.com",
            "member": "serviceAccount:dev-signal-v2-sa@shir-training.iam.gserviceaccount.com",
            "project": "shir-training",
            "role": "roles/aiplatform.user"
          },
          "sensitive_attributes": [],
          "identity_schema_version": 0,
          "private": "bnVsbA==",
          "dependencies": [
            "google_service_account.agent_sa"
          ]
        }
      ]
    },
    {
      "mode": "managed",
      "type": "google_project_service",
      "name": "services",
      "provider": "provider[\"registry.terraform.io/hashicorp/google\"]",
      "instances": [
        {
          "index_key": "aiplatform.googleapis.com",
          "schema_version": 0,
          "attributes": {
            "disable_dependent_services": null,
            "disable_on_destroy": false,
            "id": "shir-training/aiplatform.googleapis.com",
            "project": "shir-training",
            "service": "aiplatform.googleapis.com",
            "timeouts": null
          },
          "sensitive_attributes": [],
          "identity_schema_version": 0,
          "private": "eyJlMmJmYjczMC1lY2FhLTExZTYtOGY4OC0zNDM2M2JjN2M0YzAiOnsiY3JlYXRlIjoxMjAwMDAwMDAwMDAwLCJkZWxldGUiOjEyMDAwMDAwMDAwMDAsInJlYWQiOjYwMDAwMDAwMDAwMCwidXBkYXRlIjoxMjAwMDAwMDAwMDAwfX0="
        },
        {
          "index_key": "artifactregistry.googleapis.com",
          "schema_version": 0,
          "attributes": {
            "disable_dependent_services": null,
            "disable_on_destroy": false,
            "id": "shir-training/artifactregistry.googleapis.com",
            "project": "shir-training",
            "service": "artifactregistry.googleapis.com",
            "timeouts": null
          },
          "sensitive_attributes": [],
          "identity_schema_version": 0,
          "private": "eyJlMmJmYjczMC1lY2FhLTExZTYtOGY4OC0zNDM2M2JjN2M0YzAiOnsiY3JlYXRlIjoxMjAwMDAwMDAwMDAwLCJkZWxldGUiOjEyMDAwMDAwMDAwMDAsInJlYWQiOjYwMDAwMDAwMDAwMCwidXBkYXRlIjoxMjAwMDAwMDAwMDAwfX0="
        },
        {
          "index_key": "cloudbuild.googleapis.com",
          "schema_version": 0,
          "attributes": {
            "disable_dependent_services": null,
            "disable_on_destroy": false,
            "id": "shir-training/cloudbuild.googleapis.com",
            "project": "shir-training",
            "service": "cloudbuild.googleapis.com",
            "timeouts": null
          },
          "sensitive_attributes": [],
          "identity_schema_version": 0,
          "private": "eyJlMmJmYjczMC1lY2FhLTExZTYtOGY4OC0zNDM2M2JjN2M0YzAiOnsiY3JlYXRlIjoxMjAwMDAwMDAwMDAwLCJkZWxldGUiOjEyMDAwMDAwMDAwMDAsInJlYWQiOjYwMDAwMDAwMDAwMCwidXBkYXRlIjoxMjAwMDAwMDAwMDAwfX0="
        },
        {
          "index_key": "logging.googleapis.com",
          "schema_version": 0,
          "attributes": {
            "disable_dependent_services": null,
            "disable_on_destroy": false,
            "id": "shir-training/logging.googleapis.com",
            "project": "shir-training",
            "service": "logging.googleapis.com",
            "timeouts": null
          },
          "sensitive_attributes": [],
          "identity_schema_version": 0,
          "private": "eyJlMmJmYjczMC1lY2FhLTExZTYtOGY4OC0zNDM2M2JjN2M0YzAiOnsiY3JlYXRlIjoxMjAwMDAwMDAwMDAwLCJkZWxldGUiOjEyMDAwMDAwMDAwMDAsInJlYWQiOjYwMDAwMDAwMDAwMCwidXBkYXRlIjoxMjAwMDAwMDAwMDAwfX0="
        },
        {
          "index_key": "run.googleapis.com",
          "schema_version": 0,
          "attributes": {
            "disable_dependent_services": null,
            "disable_on_destroy": false,
            "id": "shir-training/run.googleapis.com",
            "project": "shir-training",
            "service": "run.googleapis.com",
            "timeouts": null
          },
          "sensitive_attributes": [],
          "identity_schema_version": 0,
          "private": "eyJlMmJmYjczMC1lY2FhLTExZTYtOGY4OC0zNDM2M2JjN2M0YzAiOnsiY3JlYXRlIjoxMjAwMDAwMDAwMDAwLCJkZWxldGUiOjEyMDAwMDAwMDAwMDAsInJlYWQiOjYwMDAwMDAwMDAwMCwidXBkYXRlIjoxMjAwMDAwMDAwMDAwfX0="
        },
        {
          "index_key": "secretmanager.googleapis.com",
          "schema_version": 0,
          "attributes": {
            "disable_dependent_services": null,
            "disable_on_destroy": false,
            "id": "shir-training/secretmanager.googleapis.com",
            "project": "shir-training",
            "service": "secretmanager.googleapis.com",
            "timeouts": null
          },
          "sensitive_attributes": [],
          "identity_schema_version": 0,
          "private": "eyJlMmJmYjczMC1lY2FhLTExZTYtOGY4OC0zNDM2M2JjN2M0YzAiOnsiY3JlYXRlIjoxMjAwMDAwMDAwMDAwLCJkZWxldGUiOjEyMDAwMDAwMDAwMDAsInJlYWQiOjYwMDAwMDAwMDAwMCwidXBkYXRlIjoxMjAwMDAwMDAwMDAwfX0="
        }
      ]
    },
    {
      "mode": "managed",
      "type": "google_secret_manager_secret",
      "name": "agent_secrets",
      "provider": "provider[\"registry.terraform.io/hashicorp/google\"]",
      "instances": [
        {
          "index_key": "DK_API_KEY",
          "schema_version": 0,
          "attributes": {
            "annotations": {},
            "create_time": "2026-02-13T01:59:33.398783Z",
            "deletion_protection": false,
            "effective_annotations": {},
            "effective_labels": {
              "goog-terraform-provisioned": "true"
            },
            "expire_time": "",
            "id": "projects/shir-training/secrets/dev-signal-v2-DK_API_KEY",
            "labels": {},
            "name": "projects/400520706792/secrets/dev-signal-v2-DK_API_KEY",
            "project": "shir-training",
            "replication": [
              {
                "auto": [
                  {
                    "customer_managed_encryption": []
                  }
                ],
                "user_managed": []
              }
            ],
            "rotation": [],
            "secret_id": "dev-signal-v2-DK_API_KEY",
            "tags": null,
            "terraform_labels": {
              "goog-terraform-provisioned": "true"
            },
            "timeouts": null,
            "topics": [],
            "ttl": null,
            "version_aliases": {},
            "version_destroy_ttl": ""
          },
          "sensitive_attributes": [],
          "identity_schema_version": 0,
          "private": "eyJlMmJmYjczMC1lY2FhLTExZTYtOGY4OC0zNDM2M2JjN2M0YzAiOnsiY3JlYXRlIjoxMjAwMDAwMDAwMDAwLCJkZWxldGUiOjEyMDAwMDAwMDAwMDAsInVwZGF0ZSI6MTIwMDAwMDAwMDAwMH19",
          "dependencies": [
            "google_project_service.services"
          ]
        },
        {
          "index_key": "REDDIT_CLIENT_ID",
          "schema_version": 0,
          "attributes": {
            "annotations": {},
            "create_time": "2026-02-13T01:59:33.396615Z",
            "deletion_protection": false,
            "effective_annotations": {},
            "effective_labels": {
              "goog-terraform-provisioned": "true"
            },
            "expire_time": "",
            "id": "projects/shir-training/secrets/dev-signal-v2-REDDIT_CLIENT_ID",
            "labels": {},
            "name": "projects/400520706792/secrets/dev-signal-v2-REDDIT_CLIENT_ID",
            "project": "shir-training",
            "replication": [
              {
                "auto": [
                  {
                    "customer_managed_encryption": []
                  }
                ],
                "user_managed": []
              }
            ],
            "rotation": [],
            "secret_id": "dev-signal-v2-REDDIT_CLIENT_ID",
            "tags": null,
            "terraform_labels": {
              "goog-terraform-provisioned": "true"
            },
            "timeouts": null,
            "topics": [],
            "ttl": null,
            "version_aliases": {},
            "version_destroy_ttl": ""
          },
          "sensitive_attributes": [],
          "identity_schema_version": 0,
          "private": "eyJlMmJmYjczMC1lY2FhLTExZTYtOGY4OC0zNDM2M2JjN2M0YzAiOnsiY3JlYXRlIjoxMjAwMDAwMDAwMDAwLCJkZWxldGUiOjEyMDAwMDAwMDAwMDAsInVwZGF0ZSI6MTIwMDAwMDAwMDAwMH19",
          "dependencies": [
            "google_project_service.services"
          ]
        },
        {
          "index_key": "REDDIT_CLIENT_SECRET",
          "schema_version": 0,
          "attributes": {
            "annotations": {},
            "create_time": "2026-02-13T01:59:33.412462Z",
            "deletion_protection": false,
            "effective_annotations": {},
            "effective_labels": {
              "goog-terraform-provisioned": "true"
            },
            "expire_time": "",
            "id": "projects/shir-training/secrets/dev-signal-v2-REDDIT_CLIENT_SECRET",
            "labels": {},
            "name": "projects/400520706792/secrets/dev-signal-v2-REDDIT_CLIENT_SECRET",
            "project": "shir-training",
            "replication": [
              {
                "auto": [
                  {
                    "customer_managed_encryption": []
                  }
                ],
                "user_managed": []
              }
            ],
            "rotation": [],
            "secret_id": "dev-signal-v2-REDDIT_CLIENT_SECRET",
            "tags": null,
            "terraform_labels": {
              "goog-terraform-provisioned": "true"
            },
            "timeouts": null,
            "topics": [],
            "ttl": null,
            "version_aliases": {},
            "version_destroy_ttl": ""
          },
          "sensitive_attributes": [],
          "identity_schema_version": 0,
          "private": "eyJlMmJmYjczMC1lY2FhLTExZTYtOGY4OC0zNDM2M2JjN2M0YzAiOnsiY3JlYXRlIjoxMjAwMDAwMDAwMDAwLCJkZWxldGUiOjEyMDAwMDAwMDAwMDAsInVwZGF0ZSI6MTIwMDAwMDAwMDAwMH19",
          "dependencies": [
            "google_project_service.services"
          ]
        },
        {
          "index_key": "REDDIT_USER_AGENT",
          "schema_version": 0,
          "attributes": {
            "annotations": {},
            "create_time": "2026-02-13T01:59:33.412615Z",
            "deletion_protection": false,
            "effective_annotations": {},
            "effective_labels": {
              "goog-terraform-provisioned": "true"
            },
            "expire_time": "",
            "id": "projects/shir-training/secrets/dev-signal-v2-REDDIT_USER_AGENT",
            "labels": {},
            "name": "projects/400520706792/secrets/dev-signal-v2-REDDIT_USER_AGENT",
            "project": "shir-training",
            "replication": [
              {
                "auto": [
                  {
                    "customer_managed_encryption": []
                  }
                ],
                "user_managed": []
              }
            ],
            "rotation": [],
            "secret_id": "dev-signal-v2-REDDIT_USER_AGENT",
            "tags": null,
            "terraform_labels": {
              "goog-terraform-provisioned": "true"
            },
            "timeouts": null,
            "topics": [],
            "ttl": null,
            "version_aliases": {},
            "version_destroy_ttl": ""
          },
          "sensitive_attributes": [],
          "identity_schema_version": 0,
          "private": "eyJlMmJmYjczMC1lY2FhLTExZTYtOGY4OC0zNDM2M2JjN2M0YzAiOnsiY3JlYXRlIjoxMjAwMDAwMDAwMDAwLCJkZWxldGUiOjEyMDAwMDAwMDAwMDAsInVwZGF0ZSI6MTIwMDAwMDAwMDAwMH19",
          "dependencies": [
            "google_project_service.services"
          ]
        }
      ]
    },
    {
      "mode": "managed",
      "type": "google_secret_manager_secret_iam_member",
      "name": "secret_accessor",
      "provider": "provider[\"registry.terraform.io/hashicorp/google\"]",
      "instances": [
        {
          "index_key": "DK_API_KEY",
          "schema_version": 0,
          "attributes": {
            "condition": [],
            "etag": "BwZKqvlQvO4=",
            "id": "projects/shir-training/secrets/dev-signal-v2-DK_API_KEY/roles/secretmanager.secretAccessor/serviceAccount:dev-signal-v2-sa@shir-training.iam.gserviceaccount.com",
            "member": "serviceAccount:dev-signal-v2-sa@shir-training.iam.gserviceaccount.com",
            "project": "shir-training",
            "role": "roles/secretmanager.secretAccessor",
            "secret_id": "projects/shir-training/secrets/dev-signal-v2-DK_API_KEY"
          },
          "sensitive_attributes": [],
          "identity_schema_version": 0,
          "private": "bnVsbA==",
          "dependencies": [
            "google_project_service.services",
            "google_secret_manager_secret.agent_secrets",
            "google_service_account.agent_sa"
          ]
        },
        {
          "index_key": "REDDIT_CLIENT_ID",
          "schema_version": 0,
          "attributes": {
            "condition": [],
            "etag": "BwZKqvlQu30=",
            "id": "projects/shir-training/secrets/dev-signal-v2-REDDIT_CLIENT_ID/roles/secretmanager.secretAccessor/serviceAccount:dev-signal-v2-sa@shir-training.iam.gserviceaccount.com",
            "member": "serviceAccount:dev-signal-v2-sa@shir-training.iam.gserviceaccount.com",
            "project": "shir-training",
            "role": "roles/secretmanager.secretAccessor",
            "secret_id": "projects/shir-training/secrets/dev-signal-v2-REDDIT_CLIENT_ID"
          },
          "sensitive_attributes": [],
          "identity_schema_version": 0,
          "private": "bnVsbA==",
          "dependencies": [
            "google_project_service.services",
            "google_secret_manager_secret.agent_secrets",
            "google_service_account.agent_sa"
          ]
        },
        {
          "index_key": "REDDIT_CLIENT_SECRET",
          "schema_version": 0,
          "attributes": {
            "condition": [],
            "etag": "BwZKqvlQuJQ=",
            "id": "projects/shir-training/secrets/dev-signal-v2-REDDIT_CLIENT_SECRET/roles/secretmanager.secretAccessor/serviceAccount:dev-signal-v2-sa@shir-training.iam.gserviceaccount.com",
            "member": "serviceAccount:dev-signal-v2-sa@shir-training.iam.gserviceaccount.com",
            "project": "shir-training",
            "role": "roles/secretmanager.secretAccessor",
            "secret_id": "projects/shir-training/secrets/dev-signal-v2-REDDIT_CLIENT_SECRET"
          },
          "sensitive_attributes": [],
          "identity_schema_version": 0,
          "private": "bnVsbA==",
          "dependencies": [
            "google_project_service.services",
            "google_secret_manager_secret.agent_secrets",
            "google_service_account.agent_sa"
          ]
        },
        {
          "index_key": "REDDIT_USER_AGENT",
          "schema_version": 0,
          "attributes": {
            "condition": [],
            "etag": "BwZKqvlQ3JI=",
            "id": "projects/shir-training/secrets/dev-signal-v2-REDDIT_USER_AGENT/roles/secretmanager.secretAccessor/serviceAccount:dev-signal-v2-sa@shir-training.iam.gserviceaccount.com",
            "member": "serviceAccount:dev-signal-v2-sa@shir-training.iam.gserviceaccount.com",
            "project": "shir-training",
            "role": "roles/secretmanager.secretAccessor",
            "secret_id": "projects/shir-training/secrets/dev-signal-v2-REDDIT_USER_AGENT"
          },
          "sensitive_attributes": [],
          "identity_schema_version": 0,
          "private": "bnVsbA==",
          "dependencies": [
            "google_project_service.services",
            "google_secret_manager_secret.agent_secrets",
            "google_service_account.agent_sa"
          ]
        }
      ]
    },
    {
      "mode": "managed",
      "type": "google_secret_manager_secret_version",
      "name": "agent_secrets_version",
      "provider": "provider[\"registry.terraform.io/hashicorp/google\"]",
      "instances": [
        {
          "index_key": "DK_API_KEY",
          "schema_version": 0,
          "attributes": {
            "create_time": "2026-02-13T01:59:37.447463Z",
            "deletion_policy": "DELETE",
            "destroy_time": "",
            "enabled": true,
            "id": "projects/400520706792/secrets/dev-signal-v2-DK_API_KEY/versions/1",
            "is_secret_data_base64": false,
            "name": "projects/400520706792/secrets/dev-signal-v2-DK_API_KEY/versions/1",
            "project": null,
            "secret": "projects/shir-training/secrets/dev-signal-v2-DK_API_KEY",
            "secret_data": "AIzaSyD-AtQ7Qjs8D4p_1fwhvdBpR8SOcvoysI0",
            "secret_data_wo": null,
            "secret_data_wo_version": 0,
            "timeouts": null,
            "version": "1"
          },
          "sensitive_attributes": [
            [
              {
                "type": "get_attr",
                "value": "secret_data"
              }
            ]
          ],
          "identity_schema_version": 0,
          "private": "eyJlMmJmYjczMC1lY2FhLTExZTYtOGY4OC0zNDM2M2JjN2M0YzAiOnsiY3JlYXRlIjoxMjAwMDAwMDAwMDAwLCJkZWxldGUiOjEyMDAwMDAwMDAwMDAsInVwZGF0ZSI6MTIwMDAwMDAwMDAwMH19",
          "dependencies": [
            "google_project_service.services",
            "google_secret_manager_secret.agent_secrets"
          ]
        },
        {
          "index_key": "REDDIT_CLIENT_ID",
          "schema_version": 0,
          "attributes": {
            "create_time": "2026-02-13T01:59:37.763597Z",
            "deletion_policy": "DELETE",
            "destroy_time": "",
            "enabled": true,
            "id": "projects/400520706792/secrets/dev-signal-v2-REDDIT_CLIENT_ID/versions/1",
            "is_secret_data_base64": false,
            "name": "projects/400520706792/secrets/dev-signal-v2-REDDIT_CLIENT_ID/versions/1",
            "project": null,
            "secret": "projects/shir-training/secrets/dev-signal-v2-REDDIT_CLIENT_ID",
            "secret_data": "E7UbSWgdZCbSe9lBbu8inA",
            "secret_data_wo": null,
            "secret_data_wo_version": 0,
            "timeouts": null,
            "version": "1"
          },
          "sensitive_attributes": [
            [
              {
                "type": "get_attr",
                "value": "secret_data"
              }
            ]
          ],
          "identity_schema_version": 0,
          "private": "eyJlMmJmYjczMC1lY2FhLTExZTYtOGY4OC0zNDM2M2JjN2M0YzAiOnsiY3JlYXRlIjoxMjAwMDAwMDAwMDAwLCJkZWxldGUiOjEyMDAwMDAwMDAwMDAsInVwZGF0ZSI6MTIwMDAwMDAwMDAwMH19",
          "dependencies": [
            "google_project_service.services",
            "google_secret_manager_secret.agent_secrets"
          ]
        },
        {
          "index_key": "REDDIT_CLIENT_SECRET",
          "schema_version": 0,
          "attributes": {
            "create_time": "2026-02-13T01:59:37.281968Z",
            "deletion_policy": "DELETE",
            "destroy_time": "",
            "enabled": true,
            "id": "projects/400520706792/secrets/dev-signal-v2-REDDIT_CLIENT_SECRET/versions/1",
            "is_secret_data_base64": false,
            "name": "projects/400520706792/secrets/dev-signal-v2-REDDIT_CLIENT_SECRET/versions/1",
            "project": null,
            "secret": "projects/shir-training/secrets/dev-signal-v2-REDDIT_CLIENT_SECRET",
            "secret_data": "n2slI8f4jMWXRG6D7xXe9coKkSXeUw",
            "secret_data_wo": null,
            "secret_data_wo_version": 0,
            "timeouts": null,
            "version": "1"
          },
          "sensitive_attributes": [
            [
              {
                "type": "get_attr",
                "value": "secret_data"
              }
            ]
          ],
          "identity_schema_version": 0,
          "private": "eyJlMmJmYjczMC1lY2FhLTExZTYtOGY4OC0zNDM2M2JjN2M0YzAiOnsiY3JlYXRlIjoxMjAwMDAwMDAwMDAwLCJkZWxldGUiOjEyMDAwMDAwMDAwMDAsInVwZGF0ZSI6MTIwMDAwMDAwMDAwMH19",
          "dependencies": [
            "google_project_service.services",
            "google_secret_manager_secret.agent_secrets"
          ]
        },
        {
          "index_key": "REDDIT_USER_AGENT",
          "schema_version": 0,
          "attributes": {
            "create_time": "2026-02-13T01:59:35.469913Z",
            "deletion_policy": "DELETE",
            "destroy_time": "",
            "enabled": true,
            "id": "projects/400520706792/secrets/dev-signal-v2-REDDIT_USER_AGENT/versions/1",
            "is_secret_data_base64": false,
            "name": "projects/400520706792/secrets/dev-signal-v2-REDDIT_USER_AGENT/versions/1",
            "project": null,
            "secret": "projects/shir-training/secrets/dev-signal-v2-REDDIT_USER_AGENT",
            "secret_data": "TrendSpotterAgent/0.1 by u/DataPrincess",
            "secret_data_wo": null,
            "secret_data_wo_version": 0,
            "timeouts": null,
            "version": "1"
          },
          "sensitive_attributes": [
            [
              {
                "type": "get_attr",
                "value": "secret_data"
              }
            ]
          ],
          "identity_schema_version": 0,
          "private": "eyJlMmJmYjczMC1lY2FhLTExZTYtOGY4OC0zNDM2M2JjN2M0YzAiOnsiY3JlYXRlIjoxMjAwMDAwMDAwMDAwLCJkZWxldGUiOjEyMDAwMDAwMDAwMDAsInVwZGF0ZSI6MTIwMDAwMDAwMDAwMH19",
          "dependencies": [
            "google_project_service.services",
            "google_secret_manager_secret.agent_secrets"
          ]
        }
      ]
    },
    {
      "mode": "managed",
      "type": "google_service_account",
      "name": "agent_sa",
      "provider": "provider[\"registry.terraform.io/hashicorp/google\"]",
      "instances": [
        {
          "schema_version": 0,
          "attributes": {
            "account_id": "dev-signal-v2-sa",
            "create_ignore_already_exists": null,
            "description": "",
            "disabled": false,
            "display_name": "Dev Signal Agent Service Account",
            "email": "dev-signal-v2-sa@shir-training.iam.gserviceaccount.com",
            "id": "projects/shir-training/serviceAccounts/dev-signal-v2-sa@shir-training.iam.gserviceaccount.com",
            "member": "serviceAccount:dev-signal-v2-sa@shir-training.iam.gserviceaccount.com",
            "name": "projects/shir-training/serviceAccounts/dev-signal-v2-sa@shir-training.iam.gserviceaccount.com",
            "project": "shir-training",
            "timeouts": null,
            "unique_id": "109299727912695177027"
          },
          "sensitive_attributes": [],
          "identity_schema_version": 0,
          "private": "eyJlMmJmYjczMC1lY2FhLTExZTYtOGY4OC0zNDM2M2JjN2M0YzAiOnsiY3JlYXRlIjozMDAwMDAwMDAwMDB9fQ=="
        }
      ]
    }
  ],
  "check_results": null
}
