PODS:
  - AppCheckCore (11.2.0):
    - GoogleUtilities/Environment (~> 8.0)
    - GoogleUtilities/UserDefaults (~> 8.0)
    - PromisesObjC (~> 2.4)
  - Firebase/Auth (12.9.0):
    - Firebase/CoreOnly
    - FirebaseAuth (~> 12.9.0)
  - Firebase/CoreOnly (12.9.0):
    - FirebaseCore (~> 12.9.0)
  - firebase_app_check (0.4.1-5):
    - Firebase/CoreOnly (~> 12.9.0)
    - firebase_core
    - FirebaseAppCheck (~> 12.9.0)
    - Flutter
  - firebase_auth (6.2.0):
    - Firebase/Auth (= 12.9.0)
    - firebase_core
    - Flutter
  - firebase_core (4.5.0):
    - Firebase/CoreOnly (= 12.9.0)
    - Flutter
  - FirebaseAppCheck (12.9.0):
    - AppCheckCore (~> 11.0)
    - FirebaseAppCheckInterop (~> 12.9.0)
    - FirebaseCore (~> 12.9.0)
    - GoogleUtilities/Environment (~> 8.1)
    - GoogleUtilities/UserDefaults (~> 8.1)
  - FirebaseAppCheckInterop (12.9.0)
  - FirebaseAuth (12.9.0):
    - FirebaseAppCheckInterop (~> 12.9.0)
    - FirebaseAuthInterop (~> 12.9.0)
    - FirebaseCore (~> 12.9.0)
    - FirebaseCoreExtension (~> 12.9.0)
    - GoogleUtilities/AppDelegateSwizzler (~> 8.1)
    - GoogleUtilities/Environment (~> 8.1)
    - GTMSessionFetcher/Core (< 6.0, >= 3.4)
    - RecaptchaInterop (~> 101.0)
  - FirebaseAuthInterop (12.9.0)
  - FirebaseCore (12.9.0):
    - FirebaseCoreInternal (~> 12.9.0)
    - GoogleUtilities/Environment (~> 8.1)
    - GoogleUtilities/Logger (~> 8.1)
  - FirebaseCoreExtension (12.9.0):
    - FirebaseCore (~> 12.9.0)
  - FirebaseCoreInternal (12.9.0):
    - "GoogleUtilities/NSData+zlib (~> 8.1)"
  - Flutter (1.0.0)
  - GoogleUtilities/AppDelegateSwizzler (8.1.0):
    - GoogleUtilities/Environment
    - GoogleUtilities/Logger
    - GoogleUtilities/Network
    - GoogleUtilities/Privacy
  - GoogleUtilities/Environment (8.1.0):
    - GoogleUtilities/Privacy
  - GoogleUtilities/Logger (8.1.0):
    - GoogleUtilities/Environment
    - GoogleUtilities/Privacy
  - GoogleUtilities/Network (8.1.0):
    - GoogleUtilities/Logger
    - "GoogleUtilities/NSData+zlib"
    - GoogleUtilities/Privacy
    - GoogleUtilities/Reachability
  - "GoogleUtilities/NSData+zlib (8.1.0)":
    - GoogleUtilities/Privacy
  - GoogleUtilities/Privacy (8.1.0)
  - GoogleUtilities/Reachability (8.1.0):
    - GoogleUtilities/Logger
    - GoogleUtilities/Privacy
  - GoogleUtilities/UserDefaults (8.1.0):
    - GoogleUtilities/Logger
    - GoogleUtilities/Privacy
  - GTMSessionFetcher/Core (5.1.0)
  - image_picker_ios (0.0.1):
    - Flutter
  - PromisesObjC (2.4.0)
  - RecaptchaInterop (101.0.0)
  - shared_preferences_foundation (0.0.1):
    - Flutter
    - FlutterMacOS

DEPENDENCIES:
  - firebase_app_check (from `.symlinks/plugins/firebase_app_check/ios`)
  - firebase_auth (from `.symlinks/plugins/firebase_auth/ios`)
  - firebase_core (from `.symlinks/plugins/firebase_core/ios`)
  - Flutter (from `Flutter`)
  - image_picker_ios (from `.symlinks/plugins/image_picker_ios/ios`)
  - shared_preferences_foundation (from `.symlinks/plugins/shared_preferences_foundation/darwin`)

SPEC REPOS:
  trunk:
    - AppCheckCore
    - Firebase
    - FirebaseAppCheck
    - FirebaseAppCheckInterop
    - FirebaseAuth
    - FirebaseAuthInterop
    - FirebaseCore
    - FirebaseCoreExtension
    - FirebaseCoreInternal
    - GoogleUtilities
    - GTMSessionFetcher
    - PromisesObjC
    - RecaptchaInterop

EXTERNAL SOURCES:
  firebase_app_check:
    :path: ".symlinks/plugins/firebase_app_check/ios"
  firebase_auth:
    :path: ".symlinks/plugins/firebase_auth/ios"
  firebase_core:
    :path: ".symlinks/plugins/firebase_core/ios"
  Flutter:
    :path: Flutter
  image_picker_ios:
    :path: ".symlinks/plugins/image_picker_ios/ios"
  shared_preferences_foundation:
    :path: ".symlinks/plugins/shared_preferences_foundation/darwin"

SPEC CHECKSUMS:
  AppCheckCore: cc8fd0a3a230ddd401f326489c99990b013f0c4f
  Firebase: 065f2bb395062046623036d8e6dc857bc2521d56
  firebase_app_check: 33f1df6830ec8ebadee0db0120956c44a65c7213
  firebase_auth: eeb19010b5aa7c83cc85f23b6c4f009ea28461f1
  firebase_core: afac1aac13c931e0401c7e74ed1276112030efab
  FirebaseAppCheck: 94dae4d9bb682bdef85a778b0c1024a4613f1e89
  FirebaseAppCheckInterop: 4bade10286cc977e516f75d2d8312cbdfa534789
  FirebaseAuth: 3a39f6436c21ebfd7919b698228b4f89ff94c23b
  FirebaseAuthInterop: f8f6ff72dc24621906497fbe5cf3c42ee815e59c
  FirebaseCore: 428912f751178b06bef0a1793effeb4a5e09a9b8
  FirebaseCoreExtension: e911052d59cd0da237a45d706fc0f81654f035c1
  FirebaseCoreInternal: b321eafae5362113bc182956fafc9922cfc77b72
  Flutter: cabc95a1d2626b1b06e7179b784ebcf0c0cde467
  GoogleUtilities: 00c88b9a86066ef77f0da2fab05f65d7768ed8e1
  GTMSessionFetcher: b8ab00db932816e14b0a0664a08cb73dda6d164b
  image_picker_ios: e0ece4aa2a75771a7de3fa735d26d90817041326
  PromisesObjC: f5707f49cb48b9636751c5b2e7d227e43fba9f47
  RecaptchaInterop: 11e0b637842dfb48308d242afc3f448062325aba
  shared_preferences_foundation: 7036424c3d8ec98dfe75ff1667cb0cd531ec82bb

PODFILE CHECKSUM: 53a6aebc29ccee84c41f92f409fc20cd4ca011f1

COCOAPODS: 1.16.2
